
Microsoft Visual Studio Solution File, Format Version 12.00
# Visual Studio Version 16
VisualStudioVersion = 25.0.1705.2
MinimumVisualStudioVersion = 10.0.40219.1
Project("{FAE04EC0-301F-11D3-BF4B-00C04F79EFBC}") = "7NetCore", "7Net\7NetCore.csproj", "{17911D3F-F443-42D4-AB8A-C168FAB34C29}"
EndProject
Project("{FAE04EC0-301F-11D3-BF4B-00C04F79EFBC}") = "7NetInfrastructure", "7NetInfrastructure\7NetInfrastructure.csproj", "{A40879F2-E066-473A-8172-3EF4D317A422}"
EndProject
Project("{FAE04EC0-301F-11D3-BF4B-00C04F79EFBC}") = "7NetMaui", "7NetMaui\7NetMaui.csproj", "{719379F4-6CA5-4451-960E-4E8EECC890B2}"
EndProject
Project("{FAE04EC0-301F-11D3-BF4B-00C04F79EFBC}") = "7NetTest", "7NetTest\7NetTest.csproj", "{6DC2EB46-94AE-473D-A6F9-4210D1A2CC28}"
EndProject
Project("{FAE04EC0-301F-11D3-BF4B-00C04F79EFBC}") = "7NetApi", "7NetApi\7NetApi.csproj", "{1359CBF1-2A82-4678-8D92-1D0FD92D735B}"
EndProject
Project("{2150E333-8FDC-42A3-9474-1A3956D46DE8}") = "UI", "UI", "{4AECD215-B712-4889-917E-DF3500BA9269}"
EndProject
Project("{2150E333-8FDC-42A3-9474-1A3956D46DE8}") = "Test", "Test", "{45111B39-6792-4803-A4A8-525126E18CCF}"
EndProject
Project("{2150E333-8FDC-42A3-9474-1A3956D46DE8}") = "Domain", "Domain", "{145F1C0A-281C-40A1-AA49-C64D073F334F}"
EndProject
Project("{2150E333-8FDC-42A3-9474-1A3956D46DE8}") = "Infrastructure", "Infrastructure", "{C8393320-6217-4B4B-AE87-219C41B266AF}"
EndProject
Project("{FAE04EC0-301F-11D3-BF4B-00C04F79EFBC}") = "7NetMauiBlazor", "7NetMauiBlazor\7NetMauiBlazor.csproj", "{0B7B2690-BC02-4046-8656-01B5408FF3E1}"
EndProject
Global
	GlobalSection(SolutionConfigurationPlatforms) = preSolution
		Debug|Any CPU = Debug|Any CPU
		Release|Any CPU = Release|Any CPU
	EndGlobalSection
	GlobalSection(ProjectConfigurationPlatforms) = postSolution
		{17911D3F-F443-42D4-AB8A-C168FAB34C29}.Debug|Any CPU.ActiveCfg = Debug|Any CPU
		{17911D3F-F443-42D4-AB8A-C168FAB34C29}.Debug|Any CPU.Build.0 = Debug|Any CPU
		{17911D3F-F443-42D4-AB8A-C168FAB34C29}.Release|Any CPU.ActiveCfg = Release|Any CPU
		{17911D3F-F443-42D4-AB8A-C168FAB34C29}.Release|Any CPU.Build.0 = Release|Any CPU
		{A40879F2-E066-473A-8172-3EF4D317A422}.Debug|Any CPU.ActiveCfg = Debug|Any CPU
		{A40879F2-E066-473A-8172-3EF4D317A422}.Debug|Any CPU.Build.0 = Debug|Any CPU
		{A40879F2-E066-473A-8172-3EF4D317A422}.Release|Any CPU.ActiveCfg = Release|Any CPU
		{A40879F2-E066-473A-8172-3EF4D317A422}.Release|Any CPU.Build.0 = Release|Any CPU
		{719379F4-6CA5-4451-960E-4E8EECC890B2}.Debug|Any CPU.ActiveCfg = Debug|Any CPU
		{719379F4-6CA5-4451-960E-4E8EECC890B2}.Debug|Any CPU.Build.0 = Debug|Any CPU
		{719379F4-6CA5-4451-960E-4E8EECC890B2}.Release|Any CPU.ActiveCfg = Release|Any CPU
		{719379F4-6CA5-4451-960E-4E8EECC890B2}.Release|Any CPU.Build.0 = Release|Any CPU
		{6DC2EB46-94AE-473D-A6F9-4210D1A2CC28}.Debug|Any CPU.ActiveCfg = Debug|Any CPU
		{6DC2EB46-94AE-473D-A6F9-4210D1A2CC28}.Debug|Any CPU.Build.0 = Debug|Any CPU
		{6DC2EB46-94AE-473D-A6F9-4210D1A2CC28}.Release|Any CPU.ActiveCfg = Release|Any CPU
		{6DC2EB46-94AE-473D-A6F9-4210D1A2CC28}.Release|Any CPU.Build.0 = Release|Any CPU
		{1359CBF1-2A82-4678-8D92-1D0FD92D735B}.Debug|Any CPU.ActiveCfg = Debug|Any CPU
		{1359CBF1-2A82-4678-8D92-1D0FD92D735B}.Debug|Any CPU.Build.0 = Debug|Any CPU
		{1359CBF1-2A82-4678-8D92-1D0FD92D735B}.Release|Any CPU.ActiveCfg = Release|Any CPU
		{1359CBF1-2A82-4678-8D92-1D0FD92D735B}.Release|Any CPU.Build.0 = Release|Any CPU
		{0B7B2690-BC02-4046-8656-01B5408FF3E1}.Debug|Any CPU.ActiveCfg = Debug|Any CPU
		{0B7B2690-BC02-4046-8656-01B5408FF3E1}.Debug|Any CPU.Build.0 = Debug|Any CPU
		{0B7B2690-BC02-4046-8656-01B5408FF3E1}.Release|Any CPU.ActiveCfg = Release|Any CPU
		{0B7B2690-BC02-4046-8656-01B5408FF3E1}.Release|Any CPU.Build.0 = Release|Any CPU
	EndGlobalSection
	GlobalSection(SolutionProperties) = preSolution
		HideSolutionNode = FALSE
	EndGlobalSection
	GlobalSection(ExtensibilityGlobals) = postSolution
		SolutionGuid = {A71C3843-2430-4603-8E15-01DBA6424AA1}
	EndGlobalSection
	GlobalSection(NestedProjects) = preSolution
		{1359CBF1-2A82-4678-8D92-1D0FD92D735B} = {4AECD215-B712-4889-917E-DF3500BA9269}
		{719379F4-6CA5-4451-960E-4E8EECC890B2} = {4AECD215-B712-4889-917E-DF3500BA9269}
		{6DC2EB46-94AE-473D-A6F9-4210D1A2CC28} = {45111B39-6792-4803-A4A8-525126E18CCF}
		{17911D3F-F443-42D4-AB8A-C168FAB34C29} = {145F1C0A-281C-40A1-AA49-C64D073F334F}
		{A40879F2-E066-473A-8172-3EF4D317A422} = {C8393320-6217-4B4B-AE87-219C41B266AF}
		{0B7B2690-BC02-4046-8656-01B5408FF3E1} = {4AECD215-B712-4889-917E-DF3500BA9269}
	EndGlobalSection
EndGlobal
